
Microsoft Visual Studio Solution File, Format Version 12.00
# Visual Studio 2012
Project("{FAE04EC0-301F-11D3-BF4B-00C04F79EFBC}") = "VS-project", "VS-project\VS-project.csproj", "{C3A50FDB-2F0C-452E-AD8B-A7CCB7B12C53}"
EndProject
Global
	GlobalSection(SolutionConfigurationPlatforms) = preSolution
		Debug|Any CPU = Debug|Any CPU
		Release|Any CPU = Release|Any CPU
	EndGlobalSection
	GlobalSection(ProjectConfigurationPlatforms) = postSolution
		{C3A50FDB-2F0C-452E-AD8B-A7CCB7B12C53}.Debug|Any CPU.ActiveCfg = Debug|Any CPU
		{C3A50FDB-2F0C-452E-AD8B-A7CCB7B12C53}.Debug|Any CPU.Build.0 = Debug|Any CPU
		{C3A50FDB-2F0C-452E-AD8B-A7CCB7B12C53}.Release|Any CPU.ActiveCfg = Release|Any CPU
		{C3A50FDB-2F0C-452E-AD8B-A7CCB7B12C53}.Release|Any CPU.Build.0 = Release|Any CPU
	EndGlobalSection
	GlobalSection(SolutionProperties) = preSolution
		HideSolutionNode = FALSE
	EndGlobalSection
EndGlobal
